
Microsoft Visual Studio Solution File, Format Version 12.00
# Visual Studio Version 16
VisualStudioVersion = 16.0.30717.126
MinimumVisualStudioVersion = 10.0.40219.1
Project("{FAE04EC0-301F-11D3-BF4B-00C04F79EFBC}") = "TECAirDbAPI", "TECAirDbAPI.csproj", "{C2B28E21-9409-400B-8CE0-FED9A303CEED}"
EndProject
Global
	GlobalSection(SolutionConfigurationPlatforms) = preSolution
		Debug|Any CPU = Debug|Any CPU
		Release|Any CPU = Release|Any CPU
	EndGlobalSection
	GlobalSection(ProjectConfigurationPlatforms) = postSolution
		{C2B28E21-9409-400B-8CE0-FED9A303CEED}.Debug|Any CPU.ActiveCfg = Debug|Any CPU
		{C2B28E21-9409-400B-8CE0-FED9A303CEED}.Debug|Any CPU.Build.0 = Debug|Any CPU
		{C2B28E21-9409-400B-8CE0-FED9A303CEED}.Release|Any CPU.ActiveCfg = Release|Any CPU
		{C2B28E21-9409-400B-8CE0-FED9A303CEED}.Release|Any CPU.Build.0 = Release|Any CPU
	EndGlobalSection
	GlobalSection(SolutionProperties) = preSolution
		HideSolutionNode = FALSE
	EndGlobalSection
	GlobalSection(ExtensibilityGlobals) = postSolution
		SolutionGuid = {6A847FF1-A7EF-4FA5-8756-1DD650992E91}
	EndGlobalSection
EndGlobal
